
Microsoft Visual Studio Solution File, Format Version 12.00
# Visual Studio Version 16
VisualStudioVersion = 16.0.30523.141
MinimumVisualStudioVersion = 10.0.40219.1
Project("{9A19103F-16F7-4668-BE54-9A1E7A4F7556}") = "Pandora", "Pandora.csproj", "{A61F4F5F-310A-4B8E-9FBF-408A44CE9C4E}"
EndProject
Project("{FAE04EC0-301F-11D3-BF4B-00C04F79EFBC}") = "Pandora.Services", "..\Pandora.Services\Pandora.Services.csproj", "{860E058E-D0FB-4A07-9ECA-F221B018B978}"
EndProject
Project("{FAE04EC0-301F-11D3-BF4B-00C04F79EFBC}") = "Pandora.Models", "..\Pandora.Models\Pandora.Models.csproj", "{B54ACA35-FAFC-4C06-821B-C2D3DA47EE45}"
EndProject
Global
	GlobalSection(SolutionConfigurationPlatforms) = preSolution
		Debug|Any CPU = Debug|Any CPU
		Release|Any CPU = Release|Any CPU
	EndGlobalSection
	GlobalSection(ProjectConfigurationPlatforms) = postSolution
		{A61F4F5F-310A-4B8E-9FBF-408A44CE9C4E}.Debug|Any CPU.ActiveCfg = Debug|Any CPU
		{A61F4F5F-310A-4B8E-9FBF-408A44CE9C4E}.Debug|Any CPU.Build.0 = Debug|Any CPU
		{A61F4F5F-310A-4B8E-9FBF-408A44CE9C4E}.Release|Any CPU.ActiveCfg = Release|Any CPU
		{A61F4F5F-310A-4B8E-9FBF-408A44CE9C4E}.Release|Any CPU.Build.0 = Release|Any CPU
		{860E058E-D0FB-4A07-9ECA-F221B018B978}.Debug|Any CPU.ActiveCfg = Debug|Any CPU
		{860E058E-D0FB-4A07-9ECA-F221B018B978}.Debug|Any CPU.Build.0 = Debug|Any CPU
		{860E058E-D0FB-4A07-9ECA-F221B018B978}.Release|Any CPU.ActiveCfg = Release|Any CPU
		{860E058E-D0FB-4A07-9ECA-F221B018B978}.Release|Any CPU.Build.0 = Release|Any CPU
		{B54ACA35-FAFC-4C06-821B-C2D3DA47EE45}.Debug|Any CPU.ActiveCfg = Debug|Any CPU
		{B54ACA35-FAFC-4C06-821B-C2D3DA47EE45}.Debug|Any CPU.Build.0 = Debug|Any CPU
		{B54ACA35-FAFC-4C06-821B-C2D3DA47EE45}.Release|Any CPU.ActiveCfg = Release|Any CPU
		{B54ACA35-FAFC-4C06-821B-C2D3DA47EE45}.Release|Any CPU.Build.0 = Release|Any CPU
	EndGlobalSection
	GlobalSection(SolutionProperties) = preSolution
		HideSolutionNode = FALSE
	EndGlobalSection
	GlobalSection(ExtensibilityGlobals) = postSolution
		SolutionGuid = {32D6B3AB-D7BE-40FA-B9BB-5753F1D02717}
	EndGlobalSection
EndGlobal
